
Microsoft Visual Studio Solution File, Format Version 12.00
# Visual Studio Version 16
VisualStudioVersion = 16.0.29025.244
MinimumVisualStudioVersion = 10.0.40219.1
Project("{FAE04EC0-301F-11D3-BF4B-00C04F79EFBC}") = "TCPIP_Client", "TCPIP_Client\TCPIP_Client.csproj", "{0DDDCE1B-7F98-4837-8B49-45F36A0D29CD}"
EndProject
Global
	GlobalSection(SolutionConfigurationPlatforms) = preSolution
		Debug|Any CPU = Debug|Any CPU
		Release|Any CPU = Release|Any CPU
	EndGlobalSection
	GlobalSection(ProjectConfigurationPlatforms) = postSolution
		{0DDDCE1B-7F98-4837-8B49-45F36A0D29CD}.Debug|Any CPU.ActiveCfg = Debug|Any CPU
		{0DDDCE1B-7F98-4837-8B49-45F36A0D29CD}.Debug|Any CPU.Build.0 = Debug|Any CPU
		{0DDDCE1B-7F98-4837-8B49-45F36A0D29CD}.Release|Any CPU.ActiveCfg = Release|Any CPU
		{0DDDCE1B-7F98-4837-8B49-45F36A0D29CD}.Release|Any CPU.Build.0 = Release|Any CPU
	EndGlobalSection
	GlobalSection(SolutionProperties) = preSolution
		HideSolutionNode = FALSE
	EndGlobalSection
	GlobalSection(ExtensibilityGlobals) = postSolution
		SolutionGuid = {DC1E5048-C964-4436-A64E-372F5E072EC6}
	EndGlobalSection
EndGlobal
